
Microsoft Visual Studio Solution File, Format Version 12.00
# Visual Studio 15
VisualStudioVersion = 15.0.27703.2018
MinimumVisualStudioVersion = 10.0.40219.1
Project("{FAE04EC0-301F-11D3-BF4B-00C04F79EFBC}") = "ServiceNow Report Assistant", "ServiceNow Report Assistant.csproj", "{43C92284-6C23-4492-8745-1901CFFE4BB5}"
EndProject
Global
	GlobalSection(SolutionConfigurationPlatforms) = preSolution
		Debug|Any CPU = Debug|Any CPU
		Release|Any CPU = Release|Any CPU
	EndGlobalSection
	GlobalSection(ProjectConfigurationPlatforms) = postSolution
		{43C92284-6C23-4492-8745-1901CFFE4BB5}.Debug|Any CPU.ActiveCfg = Debug|Any CPU
		{43C92284-6C23-4492-8745-1901CFFE4BB5}.Debug|Any CPU.Build.0 = Debug|Any CPU
		{43C92284-6C23-4492-8745-1901CFFE4BB5}.Release|Any CPU.ActiveCfg = Release|Any CPU
		{43C92284-6C23-4492-8745-1901CFFE4BB5}.Release|Any CPU.Build.0 = Release|Any CPU
	EndGlobalSection
	GlobalSection(SolutionProperties) = preSolution
		HideSolutionNode = FALSE
	EndGlobalSection
	GlobalSection(ExtensibilityGlobals) = postSolution
		SolutionGuid = {4395B663-E424-408D-B024-9259B6DD594A}
	EndGlobalSection
EndGlobal
